
Microsoft Visual Studio Solution File, Format Version 12.00
# Visual Studio 14
VisualStudioVersion = 14.0.25420.1
MinimumVisualStudioVersion = 10.0.40219.1
Project("{78C9907C-C22D-4F8D-B13A-49F213FF1631}") = "lgidcf", "lgidcf.rsproj", "{CE094020-3B9F-49B6-8890-D941C8EA739A}"
EndProject
Global
	GlobalSection(SolutionConfigurationPlatforms) = preSolution
		Debug|default = Debug|default
		Release|default = Release|default
	EndGlobalSection
	GlobalSection(ProjectConfigurationPlatforms) = postSolution
		{CE094020-3B9F-49B6-8890-D941C8EA739A}.Debug|default.ActiveCfg = Debug|default
		{CE094020-3B9F-49B6-8890-D941C8EA739A}.Debug|default.Build.0 = Debug|default
		{CE094020-3B9F-49B6-8890-D941C8EA739A}.Release|default.ActiveCfg = Release|default
		{CE094020-3B9F-49B6-8890-D941C8EA739A}.Release|default.Build.0 = Release|default
	EndGlobalSection
	GlobalSection(SolutionProperties) = preSolution
		HideSolutionNode = FALSE
	EndGlobalSection
EndGlobal
